
Microsoft Visual Studio Solution File, Format Version 12.00
# Visual Studio Version 17
VisualStudioVersion = 17.11.35303.130
MinimumVisualStudioVersion = 10.0.40219.1
Project("{FAE04EC0-301F-11D3-BF4B-00C04F79EFBC}") = "InstrumentsProcessor", "InstrumentsProcessor\InstrumentsProcessor.csproj", "{5B6026C7-6CEC-4AED-B00F-CD3EE28387C4}"
EndProject
Project("{FAE04EC0-301F-11D3-BF4B-00C04F79EFBC}") = "InstrumentsProcessorTests", "InstrumentsProcessorTests\InstrumentsProcessorTests.csproj", "{1FC2F348-4D3B-4C80-9F64-BCF0BCBB4836}"
EndProject
Global
	GlobalSection(SolutionConfigurationPlatforms) = preSolution
		Debug|Any CPU = Debug|Any CPU
		Release|Any CPU = Release|Any CPU
	EndGlobalSection
	GlobalSection(ProjectConfigurationPlatforms) = postSolution
		{5B6026C7-6CEC-4AED-B00F-CD3EE28387C4}.Debug|Any CPU.ActiveCfg = Debug|Any CPU
		{5B6026C7-6CEC-4AED-B00F-CD3EE28387C4}.Debug|Any CPU.Build.0 = Debug|Any CPU
		{5B6026C7-6CEC-4AED-B00F-CD3EE28387C4}.Release|Any CPU.ActiveCfg = Release|Any CPU
		{5B6026C7-6CEC-4AED-B00F-CD3EE28387C4}.Release|Any CPU.Build.0 = Release|Any CPU
		{1FC2F348-4D3B-4C80-9F64-BCF0BCBB4836}.Debug|Any CPU.ActiveCfg = Debug|Any CPU
		{1FC2F348-4D3B-4C80-9F64-BCF0BCBB4836}.Debug|Any CPU.Build.0 = Debug|Any CPU
		{1FC2F348-4D3B-4C80-9F64-BCF0BCBB4836}.Release|Any CPU.ActiveCfg = Release|Any CPU
		{1FC2F348-4D3B-4C80-9F64-BCF0BCBB4836}.Release|Any CPU.Build.0 = Release|Any CPU
	EndGlobalSection
	GlobalSection(SolutionProperties) = preSolution
		HideSolutionNode = FALSE
	EndGlobalSection
	GlobalSection(ExtensibilityGlobals) = postSolution
		SolutionGuid = {D5BA9B95-B9D8-41E9-A4A0-93118A88EC9A}
	EndGlobalSection
EndGlobal
